
Microsoft Visual Studio Solution File, Format Version 12.00
# Visual Studio Version 16
VisualStudioVersion = 16.0.29418.71
MinimumVisualStudioVersion = 10.0.40219.1
Project("{9A19103F-16F7-4668-BE54-9A1E7A4F7556}") = "REST-test", "REST-test.csproj", "{E21492EF-10C2-4C6F-8594-5D4642803D1A}"
EndProject
Project("{2150E333-8FDC-42A3-9474-1A3956D46DE8}") = "Solution Items", "Solution Items", "{1F410AAB-962D-4954-8AC6-4CCFDE6A3B01}"
EndProject
Global
	GlobalSection(SolutionConfigurationPlatforms) = preSolution
		Debug|Any CPU = Debug|Any CPU
		Release|Any CPU = Release|Any CPU
	EndGlobalSection
	GlobalSection(ProjectConfigurationPlatforms) = postSolution
		{E21492EF-10C2-4C6F-8594-5D4642803D1A}.Debug|Any CPU.ActiveCfg = Debug|Any CPU
		{E21492EF-10C2-4C6F-8594-5D4642803D1A}.Debug|Any CPU.Build.0 = Debug|Any CPU
		{E21492EF-10C2-4C6F-8594-5D4642803D1A}.Release|Any CPU.ActiveCfg = Release|Any CPU
		{E21492EF-10C2-4C6F-8594-5D4642803D1A}.Release|Any CPU.Build.0 = Release|Any CPU
	EndGlobalSection
	GlobalSection(SolutionProperties) = preSolution
		HideSolutionNode = FALSE
	EndGlobalSection
	GlobalSection(ExtensibilityGlobals) = postSolution
		SolutionGuid = {98111F68-4C56-4CAC-A07E-79992AF92ECD}
	EndGlobalSection
EndGlobal
